// !$*UTF8*$!
{
	archiveVersion = 1;
	classes = {
	};
	objectVersion = 56;
	objects = {

/* Begin PBXBuildFile section */
		978231782CDB06CC005339CF /* SheetView.swift in Sources */ = {isa = PBXBuildFile; fileRef = 978231772CDB06CC005339CF /* SheetView.swift */; };
		9782317A2CDB08E2005339CF /* SheetData.swift in Sources */ = {isa = PBXBuildFile; fileRef = 978231792CDB08E2005339CF /* SheetData.swift */; };
		9782317C2CDB0E53005339CF /* PostViewModel.swift in Sources */ = {isa = PBXBuildFile; fileRef = 9782317B2CDB0E53005339CF /* PostViewModel.swift */; };
		9782317F2CDB1298005339CF /* Introspect in Frameworks */ = {isa = PBXBuildFile; productRef = 9782317E2CDB1298005339CF /* Introspect */; };
		978231812CDB1298005339CF /* SwiftUIIntrospect in Frameworks */ = {isa = PBXBuildFile; productRef = 978231802CDB1298005339CF /* SwiftUIIntrospect */; };
		978231832CDDA450005339CF /* PostCampaignView.swift in Sources */ = {isa = PBXBuildFile; fileRef = 978231822CDDA450005339CF /* PostCampaignView.swift */; };
		978231852CE1A404005339CF /* CameraModel.swift in Sources */ = {isa = PBXBuildFile; fileRef = 978231842CE1A404005339CF /* CameraModel.swift */; };
		978231872CE1BF0D005339CF /* Photo.swift in Sources */ = {isa = PBXBuildFile; fileRef = 978231862CE1BF0D005339CF /* Photo.swift */; };
		978231892CE1D979005339CF /* TestAlbumView.swift in Sources */ = {isa = PBXBuildFile; fileRef = 978231882CE1D979005339CF /* TestAlbumView.swift */; };
		97BB814A2CB8CA4C0024F5BA /* FilterDemoApp.swift in Sources */ = {isa = PBXBuildFile; fileRef = 97BB81492CB8CA4C0024F5BA /* FilterDemoApp.swift */; };
		97BB814C2CB8CA4C0024F5BA /* ContentView.swift in Sources */ = {isa = PBXBuildFile; fileRef = 97BB814B2CB8CA4C0024F5BA /* ContentView.swift */; };
		97BB814E2CB8CA4D0024F5BA /* Assets.xcassets in Resources */ = {isa = PBXBuildFile; fileRef = 97BB814D2CB8CA4D0024F5BA /* Assets.xcassets */; };
		97BB81512CB8CA4D0024F5BA /* Preview Assets.xcassets in Resources */ = {isa = PBXBuildFile; fileRef = 97BB81502CB8CA4D0024F5BA /* Preview Assets.xcassets */; };
		97BB81582CB8CADE0024F5BA /* CameraCaptureView.swift in Sources */ = {isa = PBXBuildFile; fileRef = 97BB81572CB8CADE0024F5BA /* CameraCaptureView.swift */; };
		97BB815A2CB9101B0024F5BA /* CameraView.swift in Sources */ = {isa = PBXBuildFile; fileRef = 97BB81592CB9101B0024F5BA /* CameraView.swift */; };
		97BB815C2CB912780024F5BA /* LibraryView.swift in Sources */ = {isa = PBXBuildFile; fileRef = 97BB815B2CB912780024F5BA /* LibraryView.swift */; };
		97BB815E2CB913330024F5BA /* CameraRootView.swift in Sources */ = {isa = PBXBuildFile; fileRef = 97BB815D2CB913330024F5BA /* CameraRootView.swift */; };
		97BB81602CBDFCBC0024F5BA /* PhotoPickerView.swift in Sources */ = {isa = PBXBuildFile; fileRef = 97BB815F2CBDFCBC0024F5BA /* PhotoPickerView.swift */; };
		97BB81622CBE064B0024F5BA /* TestView.swift in Sources */ = {isa = PBXBuildFile; fileRef = 97BB81612CBE064B0024F5BA /* TestView.swift */; };
		97BB81652CBE243E0024F5BA /* PhotoViewModel.swift in Sources */ = {isa = PBXBuildFile; fileRef = 97BB81642CBE243E0024F5BA /* PhotoViewModel.swift */; };
		97BB81682CBE28790024F5BA /* ImageModel.swift in Sources */ = {isa = PBXBuildFile; fileRef = 97BB81672CBE28790024F5BA /* ImageModel.swift */; };
		97BB816B2CBF56C30024F5BA /* CameraButton.swift in Sources */ = {isa = PBXBuildFile; fileRef = 97BB816A2CBF56C30024F5BA /* CameraButton.swift */; };
		97BB816D2CC0A6860024F5BA /* CameraViewModel.swift in Sources */ = {isa = PBXBuildFile; fileRef = 97BB816C2CC0A6860024F5BA /* CameraViewModel.swift */; };
		97BB816F2CC0A6B10024F5BA /* LibraryViewModel.swift in Sources */ = {isa = PBXBuildFile; fileRef = 97BB816E2CC0A6B10024F5BA /* LibraryViewModel.swift */; };
		97C8683A2CCF265E0074D994 /* PostView.swift in Sources */ = {isa = PBXBuildFile; fileRef = 97C868392CCF265E0074D994 /* PostView.swift */; };
		97C8683E2CCF2A6D0074D994 /* FilterView.swift in Sources */ = {isa = PBXBuildFile; fileRef = 97C8683D2CCF2A6D0074D994 /* FilterView.swift */; };
/* End PBXBuildFile section */

/* Begin PBXFileReference section */
		978231772CDB06CC005339CF /* SheetView.swift */ = {isa = PBXFileReference; lastKnownFileType = sourcecode.swift; path = SheetView.swift; sourceTree = "<group>"; };
		978231792CDB08E2005339CF /* SheetData.swift */ = {isa = PBXFileReference; lastKnownFileType = sourcecode.swift; path = SheetData.swift; sourceTree = "<group>"; };
		9782317B2CDB0E53005339CF /* PostViewModel.swift */ = {isa = PBXFileReference; lastKnownFileType = sourcecode.swift; path = PostViewModel.swift; sourceTree = "<group>"; };
		978231822CDDA450005339CF /* PostCampaignView.swift */ = {isa = PBXFileReference; lastKnownFileType = sourcecode.swift; path = PostCampaignView.swift; sourceTree = "<group>"; };
		978231842CE1A404005339CF /* CameraModel.swift */ = {isa = PBXFileReference; lastKnownFileType = sourcecode.swift; path = CameraModel.swift; sourceTree = "<group>"; };
		978231862CE1BF0D005339CF /* Photo.swift */ = {isa = PBXFileReference; lastKnownFileType = sourcecode.swift; path = Photo.swift; sourceTree = "<group>"; };
		978231882CE1D979005339CF /* TestAlbumView.swift */ = {isa = PBXFileReference; lastKnownFileType = sourcecode.swift; path = TestAlbumView.swift; sourceTree = "<group>"; };
		97BB81462CB8CA4C0024F5BA /* FilterDemo.app */ = {isa = PBXFileReference; explicitFileType = wrapper.application; includeInIndex = 0; path = FilterDemo.app; sourceTree = BUILT_PRODUCTS_DIR; };
		97BB81492CB8CA4C0024F5BA /* FilterDemoApp.swift */ = {isa = PBXFileReference; lastKnownFileType = sourcecode.swift; path = FilterDemoApp.swift; sourceTree = "<group>"; };
		97BB814B2CB8CA4C0024F5BA /* ContentView.swift */ = {isa = PBXFileReference; lastKnownFileType = sourcecode.swift; path = ContentView.swift; sourceTree = "<group>"; };
		97BB814D2CB8CA4D0024F5BA /* Assets.xcassets */ = {isa = PBXFileReference; lastKnownFileType = folder.assetcatalog; path = Assets.xcassets; sourceTree = "<group>"; };
		97BB81502CB8CA4D0024F5BA /* Preview Assets.xcassets */ = {isa = PBXFileReference; lastKnownFileType = folder.assetcatalog; path = "Preview Assets.xcassets"; sourceTree = "<group>"; };
		97BB81572CB8CADE0024F5BA /* CameraCaptureView.swift */ = {isa = PBXFileReference; lastKnownFileType = sourcecode.swift; path = CameraCaptureView.swift; sourceTree = "<group>"; };
		97BB81592CB9101B0024F5BA /* CameraView.swift */ = {isa = PBXFileReference; lastKnownFileType = sourcecode.swift; path = CameraView.swift; sourceTree = "<group>"; };
		97BB815B2CB912780024F5BA /* LibraryView.swift */ = {isa = PBXFileReference; lastKnownFileType = sourcecode.swift; path = LibraryView.swift; sourceTree = "<group>"; };
		97BB815D2CB913330024F5BA /* CameraRootView.swift */ = {isa = PBXFileReference; lastKnownFileType = sourcecode.swift; path = CameraRootView.swift; sourceTree = "<group>"; };
		97BB815F2CBDFCBC0024F5BA /* PhotoPickerView.swift */ = {isa = PBXFileReference; lastKnownFileType = sourcecode.swift; path = PhotoPickerView.swift; sourceTree = "<group>"; };
		97BB81612CBE064B0024F5BA /* TestView.swift */ = {isa = PBXFileReference; lastKnownFileType = sourcecode.swift; path = TestView.swift; sourceTree = "<group>"; };
		97BB81642CBE243E0024F5BA /* PhotoViewModel.swift */ = {isa = PBXFileReference; lastKnownFileType = sourcecode.swift; path = PhotoViewModel.swift; sourceTree = "<group>"; };
		97BB81672CBE28790024F5BA /* ImageModel.swift */ = {isa = PBXFileReference; lastKnownFileType = sourcecode.swift; path = ImageModel.swift; sourceTree = "<group>"; };
		97BB816A2CBF56C30024F5BA /* CameraButton.swift */ = {isa = PBXFileReference; lastKnownFileType = sourcecode.swift; path = CameraButton.swift; sourceTree = "<group>"; };
		97BB816C2CC0A6860024F5BA /* CameraViewModel.swift */ = {isa = PBXFileReference; lastKnownFileType = sourcecode.swift; path = CameraViewModel.swift; sourceTree = "<group>"; };
		97BB816E2CC0A6B10024F5BA /* LibraryViewModel.swift */ = {isa = PBXFileReference; lastKnownFileType = sourcecode.swift; path = LibraryViewModel.swift; sourceTree = "<group>"; };
		97C868392CCF265E0074D994 /* PostView.swift */ = {isa = PBXFileReference; lastKnownFileType = sourcecode.swift; path = PostView.swift; sourceTree = "<group>"; };
		97C8683D2CCF2A6D0074D994 /* FilterView.swift */ = {isa = PBXFileReference; lastKnownFileType = sourcecode.swift; path = FilterView.swift; sourceTree = "<group>"; };
/* End PBXFileReference section */

/* Begin PBXFrameworksBuildPhase section */
		97BB81432CB8CA4C0024F5BA /* Frameworks */ = {
			isa = PBXFrameworksBuildPhase;
			buildActionMask = 2147483647;
			files = (
				9782317F2CDB1298005339CF /* Introspect in Frameworks */,
				978231812CDB1298005339CF /* SwiftUIIntrospect in Frameworks */,
			);
			runOnlyForDeploymentPostprocessing = 0;
		};
/* End PBXFrameworksBuildPhase section */

/* Begin PBXGroup section */
		97BB813D2CB8CA4C0024F5BA = {
			isa = PBXGroup;
			children = (
				97BB81482CB8CA4C0024F5BA /* FilterDemo */,
				97BB81472CB8CA4C0024F5BA /* Products */,
			);
			sourceTree = "<group>";
		};
		97BB81472CB8CA4C0024F5BA /* Products */ = {
			isa = PBXGroup;
			children = (
				97BB81462CB8CA4C0024F5BA /* FilterDemo.app */,
			);
			name = Products;
			sourceTree = "<group>";
		};
		97BB81482CB8CA4C0024F5BA /* FilterDemo */ = {
			isa = PBXGroup;
			children = (
				97C8683C2CCF2A580074D994 /* FilterView */,
				97C8683B2CCF28C40074D994 /* PostView */,
				97BB81692CBF56A00024F5BA /* Components */,
				97BB81662CBE28530024F5BA /* Model */,
				97BB81632CBE242B0024F5BA /* ViewModel */,
				97BB81492CB8CA4C0024F5BA /* FilterDemoApp.swift */,
				97BB814B2CB8CA4C0024F5BA /* ContentView.swift */,
				97BB815D2CB913330024F5BA /* CameraRootView.swift */,
				97BB81592CB9101B0024F5BA /* CameraView.swift */,
				97BB815B2CB912780024F5BA /* LibraryView.swift */,
				97BB815F2CBDFCBC0024F5BA /* PhotoPickerView.swift */,
				97BB81572CB8CADE0024F5BA /* CameraCaptureView.swift */,
				97BB814D2CB8CA4D0024F5BA /* Assets.xcassets */,
				97BB814F2CB8CA4D0024F5BA /* Preview Content */,
				97BB81612CBE064B0024F5BA /* TestView.swift */,
				978231882CE1D979005339CF /* TestAlbumView.swift */,
			);
			path = FilterDemo;
			sourceTree = "<group>";
		};
		97BB814F2CB8CA4D0024F5BA /* Preview Content */ = {
			isa = PBXGroup;
			children = (
				97BB81502CB8CA4D0024F5BA /* Preview Assets.xcassets */,
			);
			path = "Preview Content";
			sourceTree = "<group>";
		};
		97BB81632CBE242B0024F5BA /* ViewModel */ = {
			isa = PBXGroup;
			children = (
				97BB816C2CC0A6860024F5BA /* CameraViewModel.swift */,
				97BB81642CBE243E0024F5BA /* PhotoViewModel.swift */,
				9782317B2CDB0E53005339CF /* PostViewModel.swift */,
			);
			path = ViewModel;
			sourceTree = "<group>";
		};
		97BB81662CBE28530024F5BA /* Model */ = {
			isa = PBXGroup;
			children = (
				97BB81672CBE28790024F5BA /* ImageModel.swift */,
				97BB816E2CC0A6B10024F5BA /* LibraryViewModel.swift */,
				978231842CE1A404005339CF /* CameraModel.swift */,
				978231862CE1BF0D005339CF /* Photo.swift */,
			);
			path = Model;
			sourceTree = "<group>";
		};
		97BB81692CBF56A00024F5BA /* Components */ = {
			isa = PBXGroup;
			children = (
				97BB816A2CBF56C30024F5BA /* CameraButton.swift */,
			);
			path = Components;
			sourceTree = "<group>";
		};
		97C8683B2CCF28C40074D994 /* PostView */ = {
			isa = PBXGroup;
			children = (
				97C868392CCF265E0074D994 /* PostView.swift */,
				978231772CDB06CC005339CF /* SheetView.swift */,
				978231792CDB08E2005339CF /* SheetData.swift */,
				978231822CDDA450005339CF /* PostCampaignView.swift */,
			);
			path = PostView;
			sourceTree = "<group>";
		};
		97C8683C2CCF2A580074D994 /* FilterView */ = {
			isa = PBXGroup;
			children = (
				97C8683D2CCF2A6D0074D994 /* FilterView.swift */,
			);
			path = FilterView;
			sourceTree = "<group>";
		};
/* End PBXGroup section */

/* Begin PBXNativeTarget section */
		97BB81452CB8CA4C0024F5BA /* FilterDemo */ = {
			isa = PBXNativeTarget;
			buildConfigurationList = 97BB81542CB8CA4D0024F5BA /* Build configuration list for PBXNativeTarget "FilterDemo" */;
			buildPhases = (
				97BB81422CB8CA4C0024F5BA /* Sources */,
				97BB81432CB8CA4C0024F5BA /* Frameworks */,
				97BB81442CB8CA4C0024F5BA /* Resources */,
			);
			buildRules = (
			);
			dependencies = (
			);
			name = FilterDemo;
			packageProductDependencies = (
				9782317E2CDB1298005339CF /* Introspect */,
				978231802CDB1298005339CF /* SwiftUIIntrospect */,
			);
			productName = FilterDemo;
			productReference = 97BB81462CB8CA4C0024F5BA /* FilterDemo.app */;
			productType = "com.apple.product-type.application";
		};
/* End PBXNativeTarget section */

/* Begin PBXProject section */
		97BB813E2CB8CA4C0024F5BA /* Project object */ = {
			isa = PBXProject;
			attributes = {
				BuildIndependentTargetsInParallel = 1;
				LastSwiftUpdateCheck = 1530;
				LastUpgradeCheck = 1530;
				TargetAttributes = {
					97BB81452CB8CA4C0024F5BA = {
						CreatedOnToolsVersion = 15.3;
					};
				};
			};
			buildConfigurationList = 97BB81412CB8CA4C0024F5BA /* Build configuration list for PBXProject "FilterDemo" */;
			compatibilityVersion = "Xcode 14.0";
			developmentRegion = en;
			hasScannedForEncodings = 0;
			knownRegions = (
				en,
				Base,
			);
			mainGroup = 97BB813D2CB8CA4C0024F5BA;
			packageReferences = (
				9782317D2CDB1298005339CF /* XCRemoteSwiftPackageReference "swiftui-introspect" */,
			);
			productRefGroup = 97BB81472CB8CA4C0024F5BA /* Products */;
			projectDirPath = "";
			projectRoot = "";
			targets = (
				97BB81452CB8CA4C0024F5BA /* FilterDemo */,
			);
		};
/* End PBXProject section */

/* Begin PBXResourcesBuildPhase section */
		97BB81442CB8CA4C0024F5BA /* Resources */ = {
			isa = PBXResourcesBuildPhase;
			buildActionMask = 2147483647;
			files = (
				97BB81512CB8CA4D0024F5BA /* Preview Assets.xcassets in Resources */,
				97BB814E2CB8CA4D0024F5BA /* Assets.xcassets in Resources */,
			);
			runOnlyForDeploymentPostprocessing = 0;
		};
/* End PBXResourcesBuildPhase section */

/* Begin PBXSourcesBuildPhase section */
		97BB81422CB8CA4C0024F5BA /* Sources */ = {
			isa = PBXSourcesBuildPhase;
			buildActionMask = 2147483647;
			files = (
				978231872CE1BF0D005339CF /* Photo.swift in Sources */,
				97BB814C2CB8CA4C0024F5BA /* ContentView.swift in Sources */,
				97BB81682CBE28790024F5BA /* ImageModel.swift in Sources */,
				978231852CE1A404005339CF /* CameraModel.swift in Sources */,
				97BB816B2CBF56C30024F5BA /* CameraButton.swift in Sources */,
				97BB81582CB8CADE0024F5BA /* CameraCaptureView.swift in Sources */,
				97BB814A2CB8CA4C0024F5BA /* FilterDemoApp.swift in Sources */,
				97BB816F2CC0A6B10024F5BA /* LibraryViewModel.swift in Sources */,
				97BB816D2CC0A6860024F5BA /* CameraViewModel.swift in Sources */,
				97BB815C2CB912780024F5BA /* LibraryView.swift in Sources */,
				97BB81652CBE243E0024F5BA /* PhotoViewModel.swift in Sources */,
				97BB81622CBE064B0024F5BA /* TestView.swift in Sources */,
				978231892CE1D979005339CF /* TestAlbumView.swift in Sources */,
				9782317A2CDB08E2005339CF /* SheetData.swift in Sources */,
				97BB815A2CB9101B0024F5BA /* CameraView.swift in Sources */,
				97C8683E2CCF2A6D0074D994 /* FilterView.swift in Sources */,
				97BB81602CBDFCBC0024F5BA /* PhotoPickerView.swift in Sources */,
				97C8683A2CCF265E0074D994 /* PostView.swift in Sources */,
				97BB815E2CB913330024F5BA /* CameraRootView.swift in Sources */,
				978231832CDDA450005339CF /* PostCampaignView.swift in Sources */,
				978231782CDB06CC005339CF /* SheetView.swift in Sources */,
				9782317C2CDB0E53005339CF /* PostViewModel.swift in Sources */,
			);
			runOnlyForDeploymentPostprocessing = 0;
		};
/* End PBXSourcesBuildPhase section */

/* Begin XCBuildConfiguration section */
		97BB81522CB8CA4D0024F5BA /* Debug */ = {
			isa = XCBuildConfiguration;
			buildSettings = {
				ALWAYS_SEARCH_USER_PATHS = NO;
				ASSETCATALOG_COMPILER_GENERATE_SWIFT_ASSET_SYMBOL_EXTENSIONS = YES;
				CLANG_ANALYZER_NONNULL = YES;
				CLANG_ANALYZER_NUMBER_OBJECT_CONVERSION = YES_AGGRESSIVE;
				CLANG_CXX_LANGUAGE_STANDARD = "gnu++20";
				CLANG_ENABLE_MODULES = YES;
				CLANG_ENABLE_OBJC_ARC = YES;
				CLANG_ENABLE_OBJC_WEAK = YES;
				CLANG_WARN_BLOCK_CAPTURE_AUTORELEASING = YES;
				CLANG_WARN_BOOL_CONVERSION = YES;
				CLANG_WARN_COMMA = YES;
				CLANG_WARN_CONSTANT_CONVERSION = YES;
				CLANG_WARN_DEPRECATED_OBJC_IMPLEMENTATIONS = YES;
				CLANG_WARN_DIRECT_OBJC_ISA_USAGE = YES_ERROR;
				CLANG_WARN_DOCUMENTATION_COMMENTS = YES;
				CLANG_WARN_EMPTY_BODY = YES;
				CLANG_WARN_ENUM_CONVERSION = YES;
				CLANG_WARN_INFINITE_RECURSION = YES;
				CLANG_WARN_INT_CONVERSION = YES;
				CLANG_WARN_NON_LITERAL_NULL_CONVERSION = YES;
				CLANG_WARN_OBJC_IMPLICIT_RETAIN_SELF = YES;
				CLANG_WARN_OBJC_LITERAL_CONVERSION = YES;
				CLANG_WARN_OBJC_ROOT_CLASS = YES_ERROR;
				CLANG_WARN_QUOTED_INCLUDE_IN_FRAMEWORK_HEADER = YES;
				CLANG_WARN_RANGE_LOOP_ANALYSIS = YES;
				CLANG_WARN_STRICT_PROTOTYPES = YES;
				CLANG_WARN_SUSPICIOUS_MOVE = YES;
				CLANG_WARN_UNGUARDED_AVAILABILITY = YES_AGGRESSIVE;
				CLANG_WARN_UNREACHABLE_CODE = YES;
				CLANG_WARN__DUPLICATE_METHOD_MATCH = YES;
				COPY_PHASE_STRIP = NO;
				DEBUG_INFORMATION_FORMAT = dwarf;
				ENABLE_STRICT_OBJC_MSGSEND = YES;
				ENABLE_TESTABILITY = YES;
				ENABLE_USER_SCRIPT_SANDBOXING = YES;
				GCC_C_LANGUAGE_STANDARD = gnu17;
				GCC_DYNAMIC_NO_PIC = NO;
				GCC_NO_COMMON_BLOCKS = YES;
				GCC_OPTIMIZATION_LEVEL = 0;
				GCC_PREPROCESSOR_DEFINITIONS = (
					"DEBUG=1",
					"$(inherited)",
				);
				GCC_WARN_64_TO_32_BIT_CONVERSION = YES;
				GCC_WARN_ABOUT_RETURN_TYPE = YES_ERROR;
				GCC_WARN_UNDECLARED_SELECTOR = YES;
				GCC_WARN_UNINITIALIZED_AUTOS = YES_AGGRESSIVE;
				GCC_WARN_UNUSED_FUNCTION = YES;
				GCC_WARN_UNUSED_VARIABLE = YES;
				IPHONEOS_DEPLOYMENT_TARGET = 15.0;
				LOCALIZATION_PREFERS_STRING_CATALOGS = YES;
				MTL_ENABLE_DEBUG_INFO = INCLUDE_SOURCE;
				MTL_FAST_MATH = YES;
				ONLY_ACTIVE_ARCH = YES;
				SDKROOT = iphoneos;
				SWIFT_ACTIVE_COMPILATION_CONDITIONS = "DEBUG $(inherited)";
				SWIFT_OPTIMIZATION_LEVEL = "-Onone";
			};
			name = Debug;
		};
		97BB81532CB8CA4D0024F5BA /* Release */ = {
			isa = XCBuildConfiguration;
			buildSettings = {
				ALWAYS_SEARCH_USER_PATHS = NO;
				ASSETCATALOG_COMPILER_GENERATE_SWIFT_ASSET_SYMBOL_EXTENSIONS = YES;
				CLANG_ANALYZER_NONNULL = YES;
				CLANG_ANALYZER_NUMBER_OBJECT_CONVERSION = YES_AGGRESSIVE;
				CLANG_CXX_LANGUAGE_STANDARD = "gnu++20";
				CLANG_ENABLE_MODULES = YES;
				CLANG_ENABLE_OBJC_ARC = YES;
				CLANG_ENABLE_OBJC_WEAK = YES;
				CLANG_WARN_BLOCK_CAPTURE_AUTORELEASING = YES;
				CLANG_WARN_BOOL_CONVERSION = YES;
				CLANG_WARN_COMMA = YES;
				CLANG_WARN_CONSTANT_CONVERSION = YES;
				CLANG_WARN_DEPRECATED_OBJC_IMPLEMENTATIONS = YES;
				CLANG_WARN_DIRECT_OBJC_ISA_USAGE = YES_ERROR;
				CLANG_WARN_DOCUMENTATION_COMMENTS = YES;
				CLANG_WARN_EMPTY_BODY = YES;
				CLANG_WARN_ENUM_CONVERSION = YES;
				CLANG_WARN_INFINITE_RECURSION = YES;
				CLANG_WARN_INT_CONVERSION = YES;
				CLANG_WARN_NON_LITERAL_NULL_CONVERSION = YES;
				CLANG_WARN_OBJC_IMPLICIT_RETAIN_SELF = YES;
				CLANG_WARN_OBJC_LITERAL_CONVERSION = YES;
				CLANG_WARN_OBJC_ROOT_CLASS = YES_ERROR;
				CLANG_WARN_QUOTED_INCLUDE_IN_FRAMEWORK_HEADER = YES;
				CLANG_WARN_RANGE_LOOP_ANALYSIS = YES;
				CLANG_WARN_STRICT_PROTOTYPES = YES;
				CLANG_WARN_SUSPICIOUS_MOVE = YES;
				CLANG_WARN_UNGUARDED_AVAILABILITY = YES_AGGRESSIVE;
				CLANG_WARN_UNREACHABLE_CODE = YES;
				CLANG_WARN__DUPLICATE_METHOD_MATCH = YES;
				COPY_PHASE_STRIP = NO;
				DEBUG_INFORMATION_FORMAT = "dwarf-with-dsym";
				ENABLE_NS_ASSERTIONS = NO;
				ENABLE_STRICT_OBJC_MSGSEND = YES;
				ENABLE_USER_SCRIPT_SANDBOXING = YES;
				GCC_C_LANGUAGE_STANDARD = gnu17;
				GCC_NO_COMMON_BLOCKS = YES;
				GCC_WARN_64_TO_32_BIT_CONVERSION = YES;
				GCC_WARN_ABOUT_RETURN_TYPE = YES_ERROR;
				GCC_WARN_UNDECLARED_SELECTOR = YES;
				GCC_WARN_UNINITIALIZED_AUTOS = YES_AGGRESSIVE;
				GCC_WARN_UNUSED_FUNCTION = YES;
				GCC_WARN_UNUSED_VARIABLE = YES;
				IPHONEOS_DEPLOYMENT_TARGET = 15.0;
				LOCALIZATION_PREFERS_STRING_CATALOGS = YES;
				MTL_ENABLE_DEBUG_INFO = NO;
				MTL_FAST_MATH = YES;
				SDKROOT = iphoneos;
				SWIFT_COMPILATION_MODE = wholemodule;
				VALIDATE_PRODUCT = YES;
			};
			name = Release;
		};
		97BB81552CB8CA4D0024F5BA /* Debug */ = {
			isa = XCBuildConfiguration;
			buildSettings = {
				ASSETCATALOG_COMPILER_APPICON_NAME = AppIcon;
				ASSETCATALOG_COMPILER_GLOBAL_ACCENT_COLOR_NAME = AccentColor;
				CODE_SIGN_STYLE = Automatic;
				CURRENT_PROJECT_VERSION = 1;
				DEVELOPMENT_ASSET_PATHS = "\"FilterDemo/Preview Content\"";
				DEVELOPMENT_TEAM = 9MYHUHK47X;
				ENABLE_PREVIEWS = YES;
				GENERATE_INFOPLIST_FILE = YES;
				INFOPLIST_KEY_NSCameraUsageDescription = "need to take a photo to share on app";
				INFOPLIST_KEY_NSPhotoLibraryUsageDescription = "need to chosse a photo to share on app";
				INFOPLIST_KEY_UIApplicationSceneManifest_Generation = YES;
				INFOPLIST_KEY_UIApplicationSupportsIndirectInputEvents = YES;
				INFOPLIST_KEY_UILaunchScreen_Generation = YES;
				INFOPLIST_KEY_UISupportedInterfaceOrientations_iPad = "UIInterfaceOrientationPortrait UIInterfaceOrientationPortraitUpsideDown UIInterfaceOrientationLandscapeLeft UIInterfaceOrientationLandscapeRight";
				INFOPLIST_KEY_UISupportedInterfaceOrientations_iPhone = "UIInterfaceOrientationPortrait UIInterfaceOrientationLandscapeLeft UIInterfaceOrientationLandscapeRight";
				IPHONEOS_DEPLOYMENT_TARGET = 15.0;
				LD_RUNPATH_SEARCH_PATHS = (
					"$(inherited)",
					"@executable_path/Frameworks",
				);
				MARKETING_VERSION = 1.0;
				PRODUCT_BUNDLE_IDENTIFIER = com.test.FilterDemo;
				PRODUCT_NAME = "$(TARGET_NAME)";
				SWIFT_EMIT_LOC_STRINGS = YES;
				SWIFT_VERSION = 5.0;
				TARGETED_DEVICE_FAMILY = "1,2";
			};
			name = Debug;
		};
		97BB81562CB8CA4D0024F5BA /* Release */ = {
			isa = XCBuildConfiguration;
			buildSettings = {
				ASSETCATALOG_COMPILER_APPICON_NAME = AppIcon;
				ASSETCATALOG_COMPILER_GLOBAL_ACCENT_COLOR_NAME = AccentColor;
				CODE_SIGN_STYLE = Automatic;
				CURRENT_PROJECT_VERSION = 1;
				DEVELOPMENT_ASSET_PATHS = "\"FilterDemo/Preview Content\"";
				DEVELOPMENT_TEAM = 9MYHUHK47X;
				ENABLE_PREVIEWS = YES;
				GENERATE_INFOPLIST_FILE = YES;
				INFOPLIST_KEY_NSCameraUsageDescription = "need to take a photo to share on app";
				INFOPLIST_KEY_NSPhotoLibraryUsageDescription = "need to chosse a photo to share on app";
				INFOPLIST_KEY_UIApplicationSceneManifest_Generation = YES;
				INFOPLIST_KEY_UIApplicationSupportsIndirectInputEvents = YES;
				INFOPLIST_KEY_UILaunchScreen_Generation = YES;
				INFOPLIST_KEY_UISupportedInterfaceOrientations_iPad = "UIInterfaceOrientationPortrait UIInterfaceOrientationPortraitUpsideDown UIInterfaceOrientationLandscapeLeft UIInterfaceOrientationLandscapeRight";
				INFOPLIST_KEY_UISupportedInterfaceOrientations_iPhone = "UIInterfaceOrientationPortrait UIInterfaceOrientationLandscapeLeft UIInterfaceOrientationLandscapeRight";
				IPHONEOS_DEPLOYMENT_TARGET = 15.0;
				LD_RUNPATH_SEARCH_PATHS = (
					"$(inherited)",
					"@executable_path/Frameworks",
				);
				MARKETING_VERSION = 1.0;
				PRODUCT_BUNDLE_IDENTIFIER = com.test.FilterDemo;
				PRODUCT_NAME = "$(TARGET_NAME)";
				SWIFT_EMIT_LOC_STRINGS = YES;
				SWIFT_VERSION = 5.0;
				TARGETED_DEVICE_FAMILY = "1,2";
			};
			name = Release;
		};
/* End XCBuildConfiguration section */

/* Begin XCConfigurationList section */
		97BB81412CB8CA4C0024F5BA /* Build configuration list for PBXProject "FilterDemo" */ = {
			isa = XCConfigurationList;
			buildConfigurations = (
				97BB81522CB8CA4D0024F5BA /* Debug */,
				97BB81532CB8CA4D0024F5BA /* Release */,
			);
			defaultConfigurationIsVisible = 0;
			defaultConfigurationName = Release;
		};
		97BB81542CB8CA4D0024F5BA /* Build configuration list for PBXNativeTarget "FilterDemo" */ = {
			isa = XCConfigurationList;
			buildConfigurations = (
				97BB81552CB8CA4D0024F5BA /* Debug */,
				97BB81562CB8CA4D0024F5BA /* Release */,
			);
			defaultConfigurationIsVisible = 0;
			defaultConfigurationName = Release;
		};
/* End XCConfigurationList section */

/* Begin XCRemoteSwiftPackageReference section */
		9782317D2CDB1298005339CF /* XCRemoteSwiftPackageReference "swiftui-introspect" */ = {
			isa = XCRemoteSwiftPackageReference;
			repositoryURL = "https://github.com/siteline/swiftui-introspect.git";
			requirement = {
				kind = exactVersion;
				version = 0.5.0;
			};
		};
/* End XCRemoteSwiftPackageReference section */

/* Begin XCSwiftPackageProductDependency section */
		9782317E2CDB1298005339CF /* Introspect */ = {
			isa = XCSwiftPackageProductDependency;
			package = 9782317D2CDB1298005339CF /* XCRemoteSwiftPackageReference "swiftui-introspect" */;
			productName = Introspect;
		};
		978231802CDB1298005339CF /* SwiftUIIntrospect */ = {
			isa = XCSwiftPackageProductDependency;
			package = 9782317D2CDB1298005339CF /* XCRemoteSwiftPackageReference "swiftui-introspect" */;
			productName = SwiftUIIntrospect;
		};
/* End XCSwiftPackageProductDependency section */
	};
	rootObject = 97BB813E2CB8CA4C0024F5BA /* Project object */;
}
